
Microsoft Visual Studio Solution File, Format Version 11.00
# Visual Studio 2010
Project("{FAE04EC0-301F-11D3-BF4B-00C04F79EFBC}") = "Assembly-CSharp", "Assembly-CSharp.csproj", "{48bf20ed-725b-e3c3-d880-0d4d1db0c786}"
EndProject
Project("{FAE04EC0-301F-11D3-BF4B-00C04F79EFBC}") = "Assembly-CSharp-firstpass", "Assembly-CSharp-firstpass.csproj", "{669b6bba-cc82-c414-3ee8-56b871460cb2}"
EndProject
Global
	GlobalSection(SolutionConfigurationPlatforms) = preSolution
		Debug|Any CPU = Debug|Any CPU
		Release|Any CPU = Release|Any CPU
	EndGlobalSection
	GlobalSection(ProjectConfigurationPlatforms) = postSolution
		{48bf20ed-725b-e3c3-d880-0d4d1db0c786}.Debug|Any CPU.ActiveCfg = Debug|Any CPU
		{48bf20ed-725b-e3c3-d880-0d4d1db0c786}.Debug|Any CPU.Build.0 = Debug|Any CPU
		{48bf20ed-725b-e3c3-d880-0d4d1db0c786}.Release|Any CPU.ActiveCfg = Release|Any CPU
		{48bf20ed-725b-e3c3-d880-0d4d1db0c786}.Release|Any CPU.Build.0 = Release|Any CPU
		{669b6bba-cc82-c414-3ee8-56b871460cb2}.Debug|Any CPU.ActiveCfg = Debug|Any CPU
		{669b6bba-cc82-c414-3ee8-56b871460cb2}.Debug|Any CPU.Build.0 = Debug|Any CPU
		{669b6bba-cc82-c414-3ee8-56b871460cb2}.Release|Any CPU.ActiveCfg = Release|Any CPU
		{669b6bba-cc82-c414-3ee8-56b871460cb2}.Release|Any CPU.Build.0 = Release|Any CPU
	EndGlobalSection
	GlobalSection(SolutionProperties) = preSolution
		HideSolutionNode = FALSE
	EndGlobalSection
EndGlobal
